
Microsoft Visual Studio Solution File, Format Version 12.00
# Visual Studio Version 16
VisualStudioVersion = 16.0.33529.622
MinimumVisualStudioVersion = 10.0.40219.1
Project("{FAE04EC0-301F-11D3-BF4B-00C04F79EFBC}") = "Log4netSample", "Log4netSample\Log4netSample.csproj", "{C45FF045-9E62-4774-BC71-CBBF074B4250}"
EndProject
Global
	GlobalSection(SolutionConfigurationPlatforms) = preSolution
		Debug|Any CPU = Debug|Any CPU
		Release|Any CPU = Release|Any CPU
	EndGlobalSection
	GlobalSection(ProjectConfigurationPlatforms) = postSolution
		{C45FF045-9E62-4774-BC71-CBBF074B4250}.Debug|Any CPU.ActiveCfg = Debug|Any CPU
		{C45FF045-9E62-4774-BC71-CBBF074B4250}.Debug|Any CPU.Build.0 = Debug|Any CPU
		{C45FF045-9E62-4774-BC71-CBBF074B4250}.Release|Any CPU.ActiveCfg = Release|Any CPU
		{C45FF045-9E62-4774-BC71-CBBF074B4250}.Release|Any CPU.Build.0 = Release|Any CPU
	EndGlobalSection
	GlobalSection(SolutionProperties) = preSolution
		HideSolutionNode = FALSE
	EndGlobalSection
	GlobalSection(ExtensibilityGlobals) = postSolution
		SolutionGuid = {B661C785-0573-4F8C-8421-A1482D6FFBB8}
	EndGlobalSection
EndGlobal
